
Microsoft Visual Studio Solution File, Format Version 12.00
# Visual Studio 15
VisualStudioVersion = 15.0.27004.2008
MinimumVisualStudioVersion = 10.0.40219.1
Project("{888888A0-9F3D-457C-B088-3A5042F75D52}") = "RCCar", "RCCar\RCCar.pyproj", "{070B269B-C367-44F9-9FA6-CB34C1F9D721}"
EndProject
Global
	GlobalSection(SolutionConfigurationPlatforms) = preSolution
		Debug|Any CPU = Debug|Any CPU
		Release|Any CPU = Release|Any CPU
	EndGlobalSection
	GlobalSection(ProjectConfigurationPlatforms) = postSolution
		{070B269B-C367-44F9-9FA6-CB34C1F9D721}.Debug|Any CPU.ActiveCfg = Debug|Any CPU
		{070B269B-C367-44F9-9FA6-CB34C1F9D721}.Release|Any CPU.ActiveCfg = Release|Any CPU
	EndGlobalSection
	GlobalSection(SolutionProperties) = preSolution
		HideSolutionNode = FALSE
	EndGlobalSection
	GlobalSection(ExtensibilityGlobals) = postSolution
		SolutionGuid = {E76B1C5D-F523-4DA1-99F8-847E77D97636}
	EndGlobalSection
EndGlobal
